// !$*UTF8*$!
{
	archiveVersion = 1;
	classes = {
	};
	objectVersion = 56;
	objects = {

/* Begin PBXBuildFile section */
		BC2BD7FE2955D7500030016C /* AppDelegate.swift in Sources */ = {isa = PBXBuildFile; fileRef = BC2BD7FD2955D7500030016C /* AppDelegate.swift */; };
		BC2BD8002955D7500030016C /* SceneDelegate.swift in Sources */ = {isa = PBXBuildFile; fileRef = BC2BD7FF2955D7500030016C /* SceneDelegate.swift */; };
		BC2BD8022955D7500030016C /* FridgeViewController.swift in Sources */ = {isa = PBXBuildFile; fileRef = BC2BD8012955D7500030016C /* FridgeViewController.swift */; };
		BC2BD8052955D7500030016C /* Main.storyboard in Resources */ = {isa = PBXBuildFile; fileRef = BC2BD8032955D7500030016C /* Main.storyboard */; };
		BC2BD8082955D7500030016C /* Reciplease.xcdatamodeld in Sources */ = {isa = PBXBuildFile; fileRef = BC2BD8062955D7500030016C /* Reciplease.xcdatamodeld */; };
		BC2BD80A2955D7510030016C /* Assets.xcassets in Resources */ = {isa = PBXBuildFile; fileRef = BC2BD8092955D7510030016C /* Assets.xcassets */; };
		BC2BD80D2955D7510030016C /* LaunchScreen.storyboard in Resources */ = {isa = PBXBuildFile; fileRef = BC2BD80B2955D7510030016C /* LaunchScreen.storyboard */; };
		BC2BD8182955D7510030016C /* RecipleaseTests.swift in Sources */ = {isa = PBXBuildFile; fileRef = BC2BD8172955D7510030016C /* RecipleaseTests.swift */; };
		BC2BD8222955D7510030016C /* RecipleaseUITests.swift in Sources */ = {isa = PBXBuildFile; fileRef = BC2BD8212955D7510030016C /* RecipleaseUITests.swift */; };
		BC2BD8242955D7510030016C /* RecipleaseUITestsLaunchTests.swift in Sources */ = {isa = PBXBuildFile; fileRef = BC2BD8232955D7510030016C /* RecipleaseUITestsLaunchTests.swift */; };
		BC2BD835295615620030016C /* RecipeDetailViewController.swift in Sources */ = {isa = PBXBuildFile; fileRef = BC2BD834295615620030016C /* RecipeDetailViewController.swift */; };
		BC2BD837295615DE0030016C /* Recipe.swift in Sources */ = {isa = PBXBuildFile; fileRef = BC2BD836295615DD0030016C /* Recipe.swift */; };
		BC2BD83929561CB10030016C /* Fridge.swift in Sources */ = {isa = PBXBuildFile; fileRef = BC2BD83829561CB10030016C /* Fridge.swift */; };
		BC2BD83D295627790030016C /* APIKeys.swift in Sources */ = {isa = PBXBuildFile; fileRef = BC2BD83C295627790030016C /* APIKeys.swift */; };
		BC2FDC7D295A57D8002B17D0 /* RecipesRiceTomatoApple.json in Resources */ = {isa = PBXBuildFile; fileRef = BC2FDC7C295A57D8002B17D0 /* RecipesRiceTomatoApple.json */; };
		BC2FDC7F295A695F002B17D0 /* APIQueryService.swift in Sources */ = {isa = PBXBuildFile; fileRef = BC2FDC7E295A695F002B17D0 /* APIQueryService.swift */; };
		BC6F56F32959065D0003E73A /* API.swift in Sources */ = {isa = PBXBuildFile; fileRef = BC6F56F22959065D0003E73A /* API.swift */; };
		BC93A98A295889A7004DCE13 /* UIViewController+Alert.swift in Sources */ = {isa = PBXBuildFile; fileRef = BC93A989295889A7004DCE13 /* UIViewController+Alert.swift */; };
		BCD5DBD7295D0061004ED95C /* Ingredient.swift in Sources */ = {isa = PBXBuildFile; fileRef = BCD5DBD6295D0061004ED95C /* Ingredient.swift */; };
		BCD5DBD9295D0C03004ED95C /* UIImageView+LoadUrl.swift in Sources */ = {isa = PBXBuildFile; fileRef = BCD5DBD8295D0C03004ED95C /* UIImageView+LoadUrl.swift */; };
		BCF3A862295A251A006415C2 /* RecipesTableViewCell.swift in Sources */ = {isa = PBXBuildFile; fileRef = BCF3A861295A251A006415C2 /* RecipesTableViewCell.swift */; };
		BCF3A864295A2B35006415C2 /* RecipesTableViewController.swift in Sources */ = {isa = PBXBuildFile; fileRef = BCF3A863295A2B35006415C2 /* RecipesTableViewController.swift */; };
/* End PBXBuildFile section */

/* Begin PBXContainerItemProxy section */
		BC2BD8142955D7510030016C /* PBXContainerItemProxy */ = {
			isa = PBXContainerItemProxy;
			containerPortal = BC2BD7F22955D7500030016C /* Project object */;
			proxyType = 1;
			remoteGlobalIDString = BC2BD7F92955D7500030016C;
			remoteInfo = Reciplease;
		};
		BC2BD81E2955D7510030016C /* PBXContainerItemProxy */ = {
			isa = PBXContainerItemProxy;
			containerPortal = BC2BD7F22955D7500030016C /* Project object */;
			proxyType = 1;
			remoteGlobalIDString = BC2BD7F92955D7500030016C;
			remoteInfo = Reciplease;
		};
/* End PBXContainerItemProxy section */

/* Begin PBXFileReference section */
		BC2BD7FA2955D7500030016C /* Reciplease.app */ = {isa = PBXFileReference; explicitFileType = wrapper.application; includeInIndex = 0; path = Reciplease.app; sourceTree = BUILT_PRODUCTS_DIR; };
		BC2BD7FD2955D7500030016C /* AppDelegate.swift */ = {isa = PBXFileReference; lastKnownFileType = sourcecode.swift; path = AppDelegate.swift; sourceTree = "<group>"; };
		BC2BD7FF2955D7500030016C /* SceneDelegate.swift */ = {isa = PBXFileReference; lastKnownFileType = sourcecode.swift; path = SceneDelegate.swift; sourceTree = "<group>"; };
		BC2BD8012955D7500030016C /* FridgeViewController.swift */ = {isa = PBXFileReference; lastKnownFileType = sourcecode.swift; path = FridgeViewController.swift; sourceTree = "<group>"; };
		BC2BD8042955D7500030016C /* Base */ = {isa = PBXFileReference; lastKnownFileType = file.storyboard; name = Base; path = Base.lproj/Main.storyboard; sourceTree = "<group>"; };
		BC2BD8072955D7500030016C /* Reciplease.xcdatamodel */ = {isa = PBXFileReference; lastKnownFileType = wrapper.xcdatamodel; path = Reciplease.xcdatamodel; sourceTree = "<group>"; };
		BC2BD8092955D7510030016C /* Assets.xcassets */ = {isa = PBXFileReference; lastKnownFileType = folder.assetcatalog; path = Assets.xcassets; sourceTree = "<group>"; };
		BC2BD80C2955D7510030016C /* Base */ = {isa = PBXFileReference; lastKnownFileType = file.storyboard; name = Base; path = Base.lproj/LaunchScreen.storyboard; sourceTree = "<group>"; };
		BC2BD80E2955D7510030016C /* Info.plist */ = {isa = PBXFileReference; lastKnownFileType = text.plist.xml; path = Info.plist; sourceTree = "<group>"; };
		BC2BD8132955D7510030016C /* RecipleaseTests.xctest */ = {isa = PBXFileReference; explicitFileType = wrapper.cfbundle; includeInIndex = 0; path = RecipleaseTests.xctest; sourceTree = BUILT_PRODUCTS_DIR; };
		BC2BD8172955D7510030016C /* RecipleaseTests.swift */ = {isa = PBXFileReference; lastKnownFileType = sourcecode.swift; path = RecipleaseTests.swift; sourceTree = "<group>"; };
		BC2BD81D2955D7510030016C /* RecipleaseUITests.xctest */ = {isa = PBXFileReference; explicitFileType = wrapper.cfbundle; includeInIndex = 0; path = RecipleaseUITests.xctest; sourceTree = BUILT_PRODUCTS_DIR; };
		BC2BD8212955D7510030016C /* RecipleaseUITests.swift */ = {isa = PBXFileReference; lastKnownFileType = sourcecode.swift; path = RecipleaseUITests.swift; sourceTree = "<group>"; };
		BC2BD8232955D7510030016C /* RecipleaseUITestsLaunchTests.swift */ = {isa = PBXFileReference; lastKnownFileType = sourcecode.swift; path = RecipleaseUITestsLaunchTests.swift; sourceTree = "<group>"; };
		BC2BD834295615620030016C /* RecipeDetailViewController.swift */ = {isa = PBXFileReference; lastKnownFileType = sourcecode.swift; path = RecipeDetailViewController.swift; sourceTree = "<group>"; };
		BC2BD836295615DD0030016C /* Recipe.swift */ = {isa = PBXFileReference; lastKnownFileType = sourcecode.swift; path = Recipe.swift; sourceTree = "<group>"; };
		BC2BD83829561CB10030016C /* Fridge.swift */ = {isa = PBXFileReference; lastKnownFileType = sourcecode.swift; path = Fridge.swift; sourceTree = "<group>"; };
		BC2BD83C295627790030016C /* APIKeys.swift */ = {isa = PBXFileReference; lastKnownFileType = sourcecode.swift; path = APIKeys.swift; sourceTree = "<group>"; };
		BC2FDC7C295A57D8002B17D0 /* RecipesRiceTomatoApple.json */ = {isa = PBXFileReference; lastKnownFileType = text.json; path = RecipesRiceTomatoApple.json; sourceTree = "<group>"; };
		BC2FDC7E295A695F002B17D0 /* APIQueryService.swift */ = {isa = PBXFileReference; lastKnownFileType = sourcecode.swift; path = APIQueryService.swift; sourceTree = "<group>"; };
		BC6F56F22959065D0003E73A /* API.swift */ = {isa = PBXFileReference; lastKnownFileType = sourcecode.swift; path = API.swift; sourceTree = "<group>"; };
		BC93A989295889A7004DCE13 /* UIViewController+Alert.swift */ = {isa = PBXFileReference; lastKnownFileType = sourcecode.swift; path = "UIViewController+Alert.swift"; sourceTree = "<group>"; };
		BCD5DBD6295D0061004ED95C /* Ingredient.swift */ = {isa = PBXFileReference; lastKnownFileType = sourcecode.swift; path = Ingredient.swift; sourceTree = "<group>"; };
		BCD5DBD8295D0C03004ED95C /* UIImageView+LoadUrl.swift */ = {isa = PBXFileReference; lastKnownFileType = sourcecode.swift; path = "UIImageView+LoadUrl.swift"; sourceTree = "<group>"; };
		BCF3A861295A251A006415C2 /* RecipesTableViewCell.swift */ = {isa = PBXFileReference; lastKnownFileType = sourcecode.swift; path = RecipesTableViewCell.swift; sourceTree = "<group>"; };
		BCF3A863295A2B35006415C2 /* RecipesTableViewController.swift */ = {isa = PBXFileReference; lastKnownFileType = sourcecode.swift; path = RecipesTableViewController.swift; sourceTree = "<group>"; };
/* End PBXFileReference section */

/* Begin PBXFrameworksBuildPhase section */
		BC2BD7F72955D7500030016C /* Frameworks */ = {
			isa = PBXFrameworksBuildPhase;
			buildActionMask = 2147483647;
			files = (
			);
			runOnlyForDeploymentPostprocessing = 0;
		};
		BC2BD8102955D7510030016C /* Frameworks */ = {
			isa = PBXFrameworksBuildPhase;
			buildActionMask = 2147483647;
			files = (
			);
			runOnlyForDeploymentPostprocessing = 0;
		};
		BC2BD81A2955D7510030016C /* Frameworks */ = {
			isa = PBXFrameworksBuildPhase;
			buildActionMask = 2147483647;
			files = (
			);
			runOnlyForDeploymentPostprocessing = 0;
		};
/* End PBXFrameworksBuildPhase section */

/* Begin PBXGroup section */
		BC2BD7F12955D7500030016C = {
			isa = PBXGroup;
			children = (
				BC2BD7FC2955D7500030016C /* Reciplease */,
				BC2BD83A295623780030016C /* Secrets */,
				BC2BD8162955D7510030016C /* RecipleaseTests */,
				BC2BD8202955D7510030016C /* RecipleaseUITests */,
				BC2BD7FB2955D7500030016C /* Products */,
			);
			sourceTree = "<group>";
		};
		BC2BD7FB2955D7500030016C /* Products */ = {
			isa = PBXGroup;
			children = (
				BC2BD7FA2955D7500030016C /* Reciplease.app */,
				BC2BD8132955D7510030016C /* RecipleaseTests.xctest */,
				BC2BD81D2955D7510030016C /* RecipleaseUITests.xctest */,
			);
			name = Products;
			sourceTree = "<group>";
		};
		BC2BD7FC2955D7500030016C /* Reciplease */ = {
			isa = PBXGroup;
			children = (
				BC2BD7FD2955D7500030016C /* AppDelegate.swift */,
				BC2BD83B2956238B0030016C /* Model */,
				BC2BD7FF2955D7500030016C /* SceneDelegate.swift */,
				BC2BD8312955E0850030016C /* Controller */,
				BC2BD8322955E0910030016C /* View */,
				BC2BD8332955E09E0030016C /* Ressources */,
				BC2BD80E2955D7510030016C /* Info.plist */,
				BC2BD8062955D7500030016C /* Reciplease.xcdatamodeld */,
			);
			path = Reciplease;
			sourceTree = "<group>";
		};
		BC2BD8162955D7510030016C /* RecipleaseTests */ = {
			isa = PBXGroup;
			children = (
				BC2BD8172955D7510030016C /* RecipleaseTests.swift */,
				BC2FDC7C295A57D8002B17D0 /* RecipesRiceTomatoApple.json */,
			);
			path = RecipleaseTests;
			sourceTree = "<group>";
		};
		BC2BD8202955D7510030016C /* RecipleaseUITests */ = {
			isa = PBXGroup;
			children = (
				BC2BD8212955D7510030016C /* RecipleaseUITests.swift */,
				BC2BD8232955D7510030016C /* RecipleaseUITestsLaunchTests.swift */,
			);
			path = RecipleaseUITests;
			sourceTree = "<group>";
		};
		BC2BD8312955E0850030016C /* Controller */ = {
			isa = PBXGroup;
			children = (
				BC2BD8012955D7500030016C /* FridgeViewController.swift */,
				BCF3A865295A2B59006415C2 /* Recipes */,
				BC93A989295889A7004DCE13 /* UIViewController+Alert.swift */,
			);
			path = Controller;
			sourceTree = "<group>";
		};
		BC2BD8322955E0910030016C /* View */ = {
			isa = PBXGroup;
			children = (
				BC2BD8032955D7500030016C /* Main.storyboard */,
				BC2BD80B2955D7510030016C /* LaunchScreen.storyboard */,
				BCD5DBD8295D0C03004ED95C /* UIImageView+LoadUrl.swift */,
			);
			path = View;
			sourceTree = "<group>";
		};
		BC2BD8332955E09E0030016C /* Ressources */ = {
			isa = PBXGroup;
			children = (
				BC2BD8092955D7510030016C /* Assets.xcassets */,
			);
			path = Ressources;
			sourceTree = "<group>";
		};
		BC2BD83A295623780030016C /* Secrets */ = {
			isa = PBXGroup;
			children = (
				BC2BD83C295627790030016C /* APIKeys.swift */,
			);
			path = Secrets;
			sourceTree = "<group>";
		};
		BC2BD83B2956238B0030016C /* Model */ = {
			isa = PBXGroup;
			children = (
				BC6F56F22959065D0003E73A /* API.swift */,
				BC2FDC7E295A695F002B17D0 /* APIQueryService.swift */,
				BC2BD836295615DD0030016C /* Recipe.swift */,
				BC2BD83829561CB10030016C /* Fridge.swift */,
				BCD5DBD6295D0061004ED95C /* Ingredient.swift */,
			);
			path = Model;
			sourceTree = "<group>";
		};
		BCF3A865295A2B59006415C2 /* Recipes */ = {
			isa = PBXGroup;
			children = (
				BCF3A863295A2B35006415C2 /* RecipesTableViewController.swift */,
				BCF3A861295A251A006415C2 /* RecipesTableViewCell.swift */,
				BC2BD834295615620030016C /* RecipeDetailViewController.swift */,
			);
			path = Recipes;
			sourceTree = "<group>";
		};
/* End PBXGroup section */

/* Begin PBXNativeTarget section */
		BC2BD7F92955D7500030016C /* Reciplease */ = {
			isa = PBXNativeTarget;
			buildConfigurationList = BC2BD8272955D7510030016C /* Build configuration list for PBXNativeTarget "Reciplease" */;
			buildPhases = (
				BC2BD7F62955D7500030016C /* Sources */,
				BC2BD7F72955D7500030016C /* Frameworks */,
				BC2BD7F82955D7500030016C /* Resources */,
			);
			buildRules = (
			);
			dependencies = (
			);
			name = Reciplease;
			productName = Reciplease;
			productReference = BC2BD7FA2955D7500030016C /* Reciplease.app */;
			productType = "com.apple.product-type.application";
		};
		BC2BD8122955D7510030016C /* RecipleaseTests */ = {
			isa = PBXNativeTarget;
			buildConfigurationList = BC2BD82A2955D7510030016C /* Build configuration list for PBXNativeTarget "RecipleaseTests" */;
			buildPhases = (
				BC2BD80F2955D7510030016C /* Sources */,
				BC2BD8102955D7510030016C /* Frameworks */,
				BC2BD8112955D7510030016C /* Resources */,
			);
			buildRules = (
			);
			dependencies = (
				BC2BD8152955D7510030016C /* PBXTargetDependency */,
			);
			name = RecipleaseTests;
			productName = RecipleaseTests;
			productReference = BC2BD8132955D7510030016C /* RecipleaseTests.xctest */;
			productType = "com.apple.product-type.bundle.unit-test";
		};
		BC2BD81C2955D7510030016C /* RecipleaseUITests */ = {
			isa = PBXNativeTarget;
			buildConfigurationList = BC2BD82D2955D7510030016C /* Build configuration list for PBXNativeTarget "RecipleaseUITests" */;
			buildPhases = (
				BC2BD8192955D7510030016C /* Sources */,
				BC2BD81A2955D7510030016C /* Frameworks */,
				BC2BD81B2955D7510030016C /* Resources */,
			);
			buildRules = (
			);
			dependencies = (
				BC2BD81F2955D7510030016C /* PBXTargetDependency */,
			);
			name = RecipleaseUITests;
			productName = RecipleaseUITests;
			productReference = BC2BD81D2955D7510030016C /* RecipleaseUITests.xctest */;
			productType = "com.apple.product-type.bundle.ui-testing";
		};
/* End PBXNativeTarget section */

/* Begin PBXProject section */
		BC2BD7F22955D7500030016C /* Project object */ = {
			isa = PBXProject;
			attributes = {
				BuildIndependentTargetsInParallel = 1;
				LastSwiftUpdateCheck = 1410;
				LastUpgradeCheck = 1410;
				TargetAttributes = {
					BC2BD7F92955D7500030016C = {
						CreatedOnToolsVersion = 14.1;
					};
					BC2BD8122955D7510030016C = {
						CreatedOnToolsVersion = 14.1;
						TestTargetID = BC2BD7F92955D7500030016C;
					};
					BC2BD81C2955D7510030016C = {
						CreatedOnToolsVersion = 14.1;
						TestTargetID = BC2BD7F92955D7500030016C;
					};
				};
			};
			buildConfigurationList = BC2BD7F52955D7500030016C /* Build configuration list for PBXProject "Reciplease" */;
			compatibilityVersion = "Xcode 14.0";
			developmentRegion = en;
			hasScannedForEncodings = 0;
			knownRegions = (
				en,
				Base,
			);
			mainGroup = BC2BD7F12955D7500030016C;
			productRefGroup = BC2BD7FB2955D7500030016C /* Products */;
			projectDirPath = "";
			projectRoot = "";
			targets = (
				BC2BD7F92955D7500030016C /* Reciplease */,
				BC2BD8122955D7510030016C /* RecipleaseTests */,
				BC2BD81C2955D7510030016C /* RecipleaseUITests */,
			);
		};
/* End PBXProject section */

/* Begin PBXResourcesBuildPhase section */
		BC2BD7F82955D7500030016C /* Resources */ = {
			isa = PBXResourcesBuildPhase;
			buildActionMask = 2147483647;
			files = (
				BC2BD80D2955D7510030016C /* LaunchScreen.storyboard in Resources */,
				BC2BD80A2955D7510030016C /* Assets.xcassets in Resources */,
				BC2BD8052955D7500030016C /* Main.storyboard in Resources */,
			);
			runOnlyForDeploymentPostprocessing = 0;
		};
		BC2BD8112955D7510030016C /* Resources */ = {
			isa = PBXResourcesBuildPhase;
			buildActionMask = 2147483647;
			files = (
				BC2FDC7D295A57D8002B17D0 /* RecipesRiceTomatoApple.json in Resources */,
			);
			runOnlyForDeploymentPostprocessing = 0;
		};
		BC2BD81B2955D7510030016C /* Resources */ = {
			isa = PBXResourcesBuildPhase;
			buildActionMask = 2147483647;
			files = (
			);
			runOnlyForDeploymentPostprocessing = 0;
		};
/* End PBXResourcesBuildPhase section */

/* Begin PBXSourcesBuildPhase section */
		BC2BD7F62955D7500030016C /* Sources */ = {
			isa = PBXSourcesBuildPhase;
			buildActionMask = 2147483647;
			files = (
				BC2BD835295615620030016C /* RecipeDetailViewController.swift in Sources */,
				BC2BD8082955D7500030016C /* Reciplease.xcdatamodeld in Sources */,
				BCD5DBD9295D0C03004ED95C /* UIImageView+LoadUrl.swift in Sources */,
				BCD5DBD7295D0061004ED95C /* Ingredient.swift in Sources */,
				BC2BD8022955D7500030016C /* FridgeViewController.swift in Sources */,
				BC93A98A295889A7004DCE13 /* UIViewController+Alert.swift in Sources */,
				BC6F56F32959065D0003E73A /* API.swift in Sources */,
				BC2BD837295615DE0030016C /* Recipe.swift in Sources */,
				BCF3A862295A251A006415C2 /* RecipesTableViewCell.swift in Sources */,
				BC2BD83929561CB10030016C /* Fridge.swift in Sources */,
				BC2BD7FE2955D7500030016C /* AppDelegate.swift in Sources */,
				BC2BD83D295627790030016C /* APIKeys.swift in Sources */,
				BCF3A864295A2B35006415C2 /* RecipesTableViewController.swift in Sources */,
				BC2BD8002955D7500030016C /* SceneDelegate.swift in Sources */,
				BC2FDC7F295A695F002B17D0 /* APIQueryService.swift in Sources */,
			);
			runOnlyForDeploymentPostprocessing = 0;
		};
		BC2BD80F2955D7510030016C /* Sources */ = {
			isa = PBXSourcesBuildPhase;
			buildActionMask = 2147483647;
			files = (
				BC2BD8182955D7510030016C /* RecipleaseTests.swift in Sources */,
			);
			runOnlyForDeploymentPostprocessing = 0;
		};
		BC2BD8192955D7510030016C /* Sources */ = {
			isa = PBXSourcesBuildPhase;
			buildActionMask = 2147483647;
			files = (
				BC2BD8222955D7510030016C /* RecipleaseUITests.swift in Sources */,
				BC2BD8242955D7510030016C /* RecipleaseUITestsLaunchTests.swift in Sources */,
			);
			runOnlyForDeploymentPostprocessing = 0;
		};
/* End PBXSourcesBuildPhase section */

/* Begin PBXTargetDependency section */
		BC2BD8152955D7510030016C /* PBXTargetDependency */ = {
			isa = PBXTargetDependency;
			target = BC2BD7F92955D7500030016C /* Reciplease */;
			targetProxy = BC2BD8142955D7510030016C /* PBXContainerItemProxy */;
		};
		BC2BD81F2955D7510030016C /* PBXTargetDependency */ = {
			isa = PBXTargetDependency;
			target = BC2BD7F92955D7500030016C /* Reciplease */;
			targetProxy = BC2BD81E2955D7510030016C /* PBXContainerItemProxy */;
		};
/* End PBXTargetDependency section */

/* Begin PBXVariantGroup section */
		BC2BD8032955D7500030016C /* Main.storyboard */ = {
			isa = PBXVariantGroup;
			children = (
				BC2BD8042955D7500030016C /* Base */,
			);
			name = Main.storyboard;
			sourceTree = "<group>";
		};
		BC2BD80B2955D7510030016C /* LaunchScreen.storyboard */ = {
			isa = PBXVariantGroup;
			children = (
				BC2BD80C2955D7510030016C /* Base */,
			);
			name = LaunchScreen.storyboard;
			sourceTree = "<group>";
		};
/* End PBXVariantGroup section */

/* Begin XCBuildConfiguration section */
		BC2BD8252955D7510030016C /* Debug */ = {
			isa = XCBuildConfiguration;
			buildSettings = {
				ALWAYS_SEARCH_USER_PATHS = NO;
				CLANG_ANALYZER_NONNULL = YES;
				CLANG_ANALYZER_NUMBER_OBJECT_CONVERSION = YES_AGGRESSIVE;
				CLANG_CXX_LANGUAGE_STANDARD = "gnu++20";
				CLANG_ENABLE_MODULES = YES;
				CLANG_ENABLE_OBJC_ARC = YES;
				CLANG_ENABLE_OBJC_WEAK = YES;
				CLANG_WARN_BLOCK_CAPTURE_AUTORELEASING = YES;
				CLANG_WARN_BOOL_CONVERSION = YES;
				CLANG_WARN_COMMA = YES;
				CLANG_WARN_CONSTANT_CONVERSION = YES;
				CLANG_WARN_DEPRECATED_OBJC_IMPLEMENTATIONS = YES;
				CLANG_WARN_DIRECT_OBJC_ISA_USAGE = YES_ERROR;
				CLANG_WARN_DOCUMENTATION_COMMENTS = YES;
				CLANG_WARN_EMPTY_BODY = YES;
				CLANG_WARN_ENUM_CONVERSION = YES;
				CLANG_WARN_INFINITE_RECURSION = YES;
				CLANG_WARN_INT_CONVERSION = YES;
				CLANG_WARN_NON_LITERAL_NULL_CONVERSION = YES;
				CLANG_WARN_OBJC_IMPLICIT_RETAIN_SELF = YES;
				CLANG_WARN_OBJC_LITERAL_CONVERSION = YES;
				CLANG_WARN_OBJC_ROOT_CLASS = YES_ERROR;
				CLANG_WARN_QUOTED_INCLUDE_IN_FRAMEWORK_HEADER = YES;
				CLANG_WARN_RANGE_LOOP_ANALYSIS = YES;
				CLANG_WARN_STRICT_PROTOTYPES = YES;
				CLANG_WARN_SUSPICIOUS_MOVE = YES;
				CLANG_WARN_UNGUARDED_AVAILABILITY = YES_AGGRESSIVE;
				CLANG_WARN_UNREACHABLE_CODE = YES;
				CLANG_WARN__DUPLICATE_METHOD_MATCH = YES;
				COPY_PHASE_STRIP = NO;
				DEBUG_INFORMATION_FORMAT = dwarf;
				ENABLE_STRICT_OBJC_MSGSEND = YES;
				ENABLE_TESTABILITY = YES;
				GCC_C_LANGUAGE_STANDARD = gnu11;
				GCC_DYNAMIC_NO_PIC = NO;
				GCC_NO_COMMON_BLOCKS = YES;
				GCC_OPTIMIZATION_LEVEL = 0;
				GCC_PREPROCESSOR_DEFINITIONS = (
					"DEBUG=1",
					"$(inherited)",
				);
				GCC_WARN_64_TO_32_BIT_CONVERSION = YES;
				GCC_WARN_ABOUT_RETURN_TYPE = YES_ERROR;
				GCC_WARN_UNDECLARED_SELECTOR = YES;
				GCC_WARN_UNINITIALIZED_AUTOS = YES_AGGRESSIVE;
				GCC_WARN_UNUSED_FUNCTION = YES;
				GCC_WARN_UNUSED_VARIABLE = YES;
				IPHONEOS_DEPLOYMENT_TARGET = 16.1;
				MTL_ENABLE_DEBUG_INFO = INCLUDE_SOURCE;
				MTL_FAST_MATH = YES;
				ONLY_ACTIVE_ARCH = YES;
				SDKROOT = iphoneos;
				SWIFT_ACTIVE_COMPILATION_CONDITIONS = DEBUG;
				SWIFT_OPTIMIZATION_LEVEL = "-Onone";
			};
			name = Debug;
		};
		BC2BD8262955D7510030016C /* Release */ = {
			isa = XCBuildConfiguration;
			buildSettings = {
				ALWAYS_SEARCH_USER_PATHS = NO;
				CLANG_ANALYZER_NONNULL = YES;
				CLANG_ANALYZER_NUMBER_OBJECT_CONVERSION = YES_AGGRESSIVE;
				CLANG_CXX_LANGUAGE_STANDARD = "gnu++20";
				CLANG_ENABLE_MODULES = YES;
				CLANG_ENABLE_OBJC_ARC = YES;
				CLANG_ENABLE_OBJC_WEAK = YES;
				CLANG_WARN_BLOCK_CAPTURE_AUTORELEASING = YES;
				CLANG_WARN_BOOL_CONVERSION = YES;
				CLANG_WARN_COMMA = YES;
				CLANG_WARN_CONSTANT_CONVERSION = YES;
				CLANG_WARN_DEPRECATED_OBJC_IMPLEMENTATIONS = YES;
				CLANG_WARN_DIRECT_OBJC_ISA_USAGE = YES_ERROR;
				CLANG_WARN_DOCUMENTATION_COMMENTS = YES;
				CLANG_WARN_EMPTY_BODY = YES;
				CLANG_WARN_ENUM_CONVERSION = YES;
				CLANG_WARN_INFINITE_RECURSION = YES;
				CLANG_WARN_INT_CONVERSION = YES;
				CLANG_WARN_NON_LITERAL_NULL_CONVERSION = YES;
				CLANG_WARN_OBJC_IMPLICIT_RETAIN_SELF = YES;
				CLANG_WARN_OBJC_LITERAL_CONVERSION = YES;
				CLANG_WARN_OBJC_ROOT_CLASS = YES_ERROR;
				CLANG_WARN_QUOTED_INCLUDE_IN_FRAMEWORK_HEADER = YES;
				CLANG_WARN_RANGE_LOOP_ANALYSIS = YES;
				CLANG_WARN_STRICT_PROTOTYPES = YES;
				CLANG_WARN_SUSPICIOUS_MOVE = YES;
				CLANG_WARN_UNGUARDED_AVAILABILITY = YES_AGGRESSIVE;
				CLANG_WARN_UNREACHABLE_CODE = YES;
				CLANG_WARN__DUPLICATE_METHOD_MATCH = YES;
				COPY_PHASE_STRIP = NO;
				DEBUG_INFORMATION_FORMAT = "dwarf-with-dsym";
				ENABLE_NS_ASSERTIONS = NO;
				ENABLE_STRICT_OBJC_MSGSEND = YES;
				GCC_C_LANGUAGE_STANDARD = gnu11;
				GCC_NO_COMMON_BLOCKS = YES;
				GCC_WARN_64_TO_32_BIT_CONVERSION = YES;
				GCC_WARN_ABOUT_RETURN_TYPE = YES_ERROR;
				GCC_WARN_UNDECLARED_SELECTOR = YES;
				GCC_WARN_UNINITIALIZED_AUTOS = YES_AGGRESSIVE;
				GCC_WARN_UNUSED_FUNCTION = YES;
				GCC_WARN_UNUSED_VARIABLE = YES;
				IPHONEOS_DEPLOYMENT_TARGET = 16.1;
				MTL_ENABLE_DEBUG_INFO = NO;
				MTL_FAST_MATH = YES;
				SDKROOT = iphoneos;
				SWIFT_COMPILATION_MODE = wholemodule;
				SWIFT_OPTIMIZATION_LEVEL = "-O";
				VALIDATE_PRODUCT = YES;
			};
			name = Release;
		};
		BC2BD8282955D7510030016C /* Debug */ = {
			isa = XCBuildConfiguration;
			buildSettings = {
				ASSETCATALOG_COMPILER_APPICON_NAME = AppIcon;
				ASSETCATALOG_COMPILER_GLOBAL_ACCENT_COLOR_NAME = AccentColor;
				CODE_SIGN_STYLE = Automatic;
				CURRENT_PROJECT_VERSION = 1;
				DEVELOPMENT_TEAM = 9MRD2CZ6V7;
				GENERATE_INFOPLIST_FILE = YES;
				INFOPLIST_FILE = Reciplease/Info.plist;
				INFOPLIST_KEY_UIApplicationSupportsIndirectInputEvents = YES;
				INFOPLIST_KEY_UILaunchStoryboardName = LaunchScreen;
				INFOPLIST_KEY_UIMainStoryboardFile = Main;
				INFOPLIST_KEY_UISupportedInterfaceOrientations_iPad = "UIInterfaceOrientationPortrait UIInterfaceOrientationPortraitUpsideDown UIInterfaceOrientationLandscapeLeft UIInterfaceOrientationLandscapeRight";
				INFOPLIST_KEY_UISupportedInterfaceOrientations_iPhone = "UIInterfaceOrientationPortrait UIInterfaceOrientationLandscapeLeft UIInterfaceOrientationLandscapeRight";
				LD_RUNPATH_SEARCH_PATHS = (
					"$(inherited)",
					"@executable_path/Frameworks",
				);
				MARKETING_VERSION = 1.0;
				PRODUCT_BUNDLE_IDENTIFIER = fr.gregDeveaux.Reciplease;
				PRODUCT_NAME = "$(TARGET_NAME)";
				SWIFT_EMIT_LOC_STRINGS = YES;
				SWIFT_VERSION = 5.0;
				TARGETED_DEVICE_FAMILY = "1,2";
			};
			name = Debug;
		};
		BC2BD8292955D7510030016C /* Release */ = {
			isa = XCBuildConfiguration;
			buildSettings = {
				ASSETCATALOG_COMPILER_APPICON_NAME = AppIcon;
				ASSETCATALOG_COMPILER_GLOBAL_ACCENT_COLOR_NAME = AccentColor;
				CODE_SIGN_STYLE = Automatic;
				CURRENT_PROJECT_VERSION = 1;
				DEVELOPMENT_TEAM = 9MRD2CZ6V7;
				GENERATE_INFOPLIST_FILE = YES;
				INFOPLIST_FILE = Reciplease/Info.plist;
				INFOPLIST_KEY_UIApplicationSupportsIndirectInputEvents = YES;
				INFOPLIST_KEY_UILaunchStoryboardName = LaunchScreen;
				INFOPLIST_KEY_UIMainStoryboardFile = Main;
				INFOPLIST_KEY_UISupportedInterfaceOrientations_iPad = "UIInterfaceOrientationPortrait UIInterfaceOrientationPortraitUpsideDown UIInterfaceOrientationLandscapeLeft UIInterfaceOrientationLandscapeRight";
				INFOPLIST_KEY_UISupportedInterfaceOrientations_iPhone = "UIInterfaceOrientationPortrait UIInterfaceOrientationLandscapeLeft UIInterfaceOrientationLandscapeRight";
				LD_RUNPATH_SEARCH_PATHS = (
					"$(inherited)",
					"@executable_path/Frameworks",
				);
				MARKETING_VERSION = 1.0;
				PRODUCT_BUNDLE_IDENTIFIER = fr.gregDeveaux.Reciplease;
				PRODUCT_NAME = "$(TARGET_NAME)";
				SWIFT_EMIT_LOC_STRINGS = YES;
				SWIFT_VERSION = 5.0;
				TARGETED_DEVICE_FAMILY = "1,2";
			};
			name = Release;
		};
		BC2BD82B2955D7510030016C /* Debug */ = {
			isa = XCBuildConfiguration;
			buildSettings = {
				ALWAYS_EMBED_SWIFT_STANDARD_LIBRARIES = YES;
				BUNDLE_LOADER = "$(TEST_HOST)";
				CODE_SIGN_STYLE = Automatic;
				CURRENT_PROJECT_VERSION = 1;
				DEVELOPMENT_TEAM = 9MRD2CZ6V7;
				GENERATE_INFOPLIST_FILE = YES;
				IPHONEOS_DEPLOYMENT_TARGET = 16.1;
				MARKETING_VERSION = 1.0;
				PRODUCT_BUNDLE_IDENTIFIER = fr.gregDeveaux.RecipleaseTests;
				PRODUCT_NAME = "$(TARGET_NAME)";
				SWIFT_EMIT_LOC_STRINGS = NO;
				SWIFT_VERSION = 5.0;
				TARGETED_DEVICE_FAMILY = "1,2";
				TEST_HOST = "$(BUILT_PRODUCTS_DIR)/Reciplease.app/$(BUNDLE_EXECUTABLE_FOLDER_PATH)/Reciplease";
			};
			name = Debug;
		};
		BC2BD82C2955D7510030016C /* Release */ = {
			isa = XCBuildConfiguration;
			buildSettings = {
				ALWAYS_EMBED_SWIFT_STANDARD_LIBRARIES = YES;
				BUNDLE_LOADER = "$(TEST_HOST)";
				CODE_SIGN_STYLE = Automatic;
				CURRENT_PROJECT_VERSION = 1;
				DEVELOPMENT_TEAM = 9MRD2CZ6V7;
				GENERATE_INFOPLIST_FILE = YES;
				IPHONEOS_DEPLOYMENT_TARGET = 16.1;
				MARKETING_VERSION = 1.0;
				PRODUCT_BUNDLE_IDENTIFIER = fr.gregDeveaux.RecipleaseTests;
				PRODUCT_NAME = "$(TARGET_NAME)";
				SWIFT_EMIT_LOC_STRINGS = NO;
				SWIFT_VERSION = 5.0;
				TARGETED_DEVICE_FAMILY = "1,2";
				TEST_HOST = "$(BUILT_PRODUCTS_DIR)/Reciplease.app/$(BUNDLE_EXECUTABLE_FOLDER_PATH)/Reciplease";
			};
			name = Release;
		};
		BC2BD82E2955D7510030016C /* Debug */ = {
			isa = XCBuildConfiguration;
			buildSettings = {
				ALWAYS_EMBED_SWIFT_STANDARD_LIBRARIES = YES;
				CODE_SIGN_STYLE = Automatic;
				CURRENT_PROJECT_VERSION = 1;
				DEVELOPMENT_TEAM = 9MRD2CZ6V7;
				GENERATE_INFOPLIST_FILE = YES;
				MARKETING_VERSION = 1.0;
				PRODUCT_BUNDLE_IDENTIFIER = fr.gregDeveaux.RecipleaseUITests;
				PRODUCT_NAME = "$(TARGET_NAME)";
				SWIFT_EMIT_LOC_STRINGS = NO;
				SWIFT_VERSION = 5.0;
				TARGETED_DEVICE_FAMILY = "1,2";
				TEST_TARGET_NAME = Reciplease;
			};
			name = Debug;
		};
		BC2BD82F2955D7510030016C /* Release */ = {
			isa = XCBuildConfiguration;
			buildSettings = {
				ALWAYS_EMBED_SWIFT_STANDARD_LIBRARIES = YES;
				CODE_SIGN_STYLE = Automatic;
				CURRENT_PROJECT_VERSION = 1;
				DEVELOPMENT_TEAM = 9MRD2CZ6V7;
				GENERATE_INFOPLIST_FILE = YES;
				MARKETING_VERSION = 1.0;
				PRODUCT_BUNDLE_IDENTIFIER = fr.gregDeveaux.RecipleaseUITests;
				PRODUCT_NAME = "$(TARGET_NAME)";
				SWIFT_EMIT_LOC_STRINGS = NO;
				SWIFT_VERSION = 5.0;
				TARGETED_DEVICE_FAMILY = "1,2";
				TEST_TARGET_NAME = Reciplease;
			};
			name = Release;
		};
/* End XCBuildConfiguration section */

/* Begin XCConfigurationList section */
		BC2BD7F52955D7500030016C /* Build configuration list for PBXProject "Reciplease" */ = {
			isa = XCConfigurationList;
			buildConfigurations = (
				BC2BD8252955D7510030016C /* Debug */,
				BC2BD8262955D7510030016C /* Release */,
			);
			defaultConfigurationIsVisible = 0;
			defaultConfigurationName = Release;
		};
		BC2BD8272955D7510030016C /* Build configuration list for PBXNativeTarget "Reciplease" */ = {
			isa = XCConfigurationList;
			buildConfigurations = (
				BC2BD8282955D7510030016C /* Debug */,
				BC2BD8292955D7510030016C /* Release */,
			);
			defaultConfigurationIsVisible = 0;
			defaultConfigurationName = Release;
		};
		BC2BD82A2955D7510030016C /* Build configuration list for PBXNativeTarget "RecipleaseTests" */ = {
			isa = XCConfigurationList;
			buildConfigurations = (
				BC2BD82B2955D7510030016C /* Debug */,
				BC2BD82C2955D7510030016C /* Release */,
			);
			defaultConfigurationIsVisible = 0;
			defaultConfigurationName = Release;
		};
		BC2BD82D2955D7510030016C /* Build configuration list for PBXNativeTarget "RecipleaseUITests" */ = {
			isa = XCConfigurationList;
			buildConfigurations = (
				BC2BD82E2955D7510030016C /* Debug */,
				BC2BD82F2955D7510030016C /* Release */,
			);
			defaultConfigurationIsVisible = 0;
			defaultConfigurationName = Release;
		};
/* End XCConfigurationList section */

/* Begin XCVersionGroup section */
		BC2BD8062955D7500030016C /* Reciplease.xcdatamodeld */ = {
			isa = XCVersionGroup;
			children = (
				BC2BD8072955D7500030016C /* Reciplease.xcdatamodel */,
			);
			currentVersion = BC2BD8072955D7500030016C /* Reciplease.xcdatamodel */;
			path = Reciplease.xcdatamodeld;
			sourceTree = "<group>";
			versionGroupType = wrapper.xcdatamodel;
		};
/* End XCVersionGroup section */
	};
	rootObject = BC2BD7F22955D7500030016C /* Project object */;
}
